
Microsoft Visual Studio Solution File, Format Version 12.00
# Visual Studio Version 16
VisualStudioVersion = 16.0.31515.178
MinimumVisualStudioVersion = 10.0.40219.1
Project("{9A19103F-16F7-4668-BE54-9A1E7A4F7556}") = "BethanysPieShop", "BethanysPieShop\BethanysPieShop.csproj", "{0C3A7F3E-8830-41A6-839F-ACD1A10D9B3B}"
EndProject
Project("{FAE04EC0-301F-11D3-BF4B-00C04F79EFBC}") = "RDCLDesign", "RDCLDesign\RDCLDesign.csproj", "{4AE6FE92-718D-4B01-A3A8-1ADD9447A880}"
EndProject
Global
	GlobalSection(SolutionConfigurationPlatforms) = preSolution
		Debug|Any CPU = Debug|Any CPU
		Release|Any CPU = Release|Any CPU
	EndGlobalSection
	GlobalSection(ProjectConfigurationPlatforms) = postSolution
		{0C3A7F3E-8830-41A6-839F-ACD1A10D9B3B}.Debug|Any CPU.ActiveCfg = Debug|Any CPU
		{0C3A7F3E-8830-41A6-839F-ACD1A10D9B3B}.Debug|Any CPU.Build.0 = Debug|Any CPU
		{0C3A7F3E-8830-41A6-839F-ACD1A10D9B3B}.Release|Any CPU.ActiveCfg = Release|Any CPU
		{0C3A7F3E-8830-41A6-839F-ACD1A10D9B3B}.Release|Any CPU.Build.0 = Release|Any CPU
		{4AE6FE92-718D-4B01-A3A8-1ADD9447A880}.Debug|Any CPU.ActiveCfg = Debug|Any CPU
		{4AE6FE92-718D-4B01-A3A8-1ADD9447A880}.Debug|Any CPU.Build.0 = Debug|Any CPU
		{4AE6FE92-718D-4B01-A3A8-1ADD9447A880}.Release|Any CPU.ActiveCfg = Release|Any CPU
		{4AE6FE92-718D-4B01-A3A8-1ADD9447A880}.Release|Any CPU.Build.0 = Release|Any CPU
	EndGlobalSection
	GlobalSection(SolutionProperties) = preSolution
		HideSolutionNode = FALSE
	EndGlobalSection
	GlobalSection(ExtensibilityGlobals) = postSolution
		SolutionGuid = {1045F54A-6FB9-4077-A264-02A5AD72F483}
	EndGlobalSection
EndGlobal
